{
  "name": "jsx-quick-loader",
  "version": "0.0.1",
  "lockfileVersion": 1,
  "requires": true,
  "dependencies": {
    "antlr4": {
      "version": "4.7.1",
      "resolved": "http://registry.npm.taobao.org/antlr4/download/antlr4-4.7.1.tgz",
      "integrity": "sha1-aZhAFPCW6ed19T3ZdEv5lNiVl3M=",
      "dev": true
    },
    "sourcemap-codec": {
      "version": "1.4.1",
      "resolved": "http://registry.npm.taobao.org/sourcemap-codec/download/sourcemap-codec-1.4.1.tgz",
      "integrity": "sha1-yP2S2RiJ6QKgeu45K90sWGOVi6I="
    }
  }
}
